
Microsoft Visual Studio Solution File, Format Version 12.00
# Visual Studio Version 17
VisualStudioVersion = 17.4.33205.214
MinimumVisualStudioVersion = 10.0.40219.1
Project("{2150E333-8FDC-42A3-9474-1A3956D46DE8}") = "src", "src", "{70865468-3239-48B1-8884-CD08134103C5}"
EndProject
Project("{2150E333-8FDC-42A3-9474-1A3956D46DE8}") = "Api", "Api", "{490E5743-B4EC-47F1-8D35-62ECE30723CB}"
EndProject
Project("{2150E333-8FDC-42A3-9474-1A3956D46DE8}") = "Clients", "Clients", "{A394570C-6EEF-4C14-A830-A5649B63CD25}"
EndProject
Project("{2150E333-8FDC-42A3-9474-1A3956D46DE8}") = "Common", "Common", "{F7000A0B-899B-400B-9410-85AACFB47F68}"
EndProject
Project("{2150E333-8FDC-42A3-9474-1A3956D46DE8}") = "Projections", "Projections", "{14DB02BD-4084-4984-962B-077793C78D0D}"
EndProject
Project("{2150E333-8FDC-42A3-9474-1A3956D46DE8}") = "Core", "Core", "{50A40CE8-C400-4C52-8D3C-6C9E586477F9}"
EndProject
Project("{2150E333-8FDC-42A3-9474-1A3956D46DE8}") = "Infrastructure", "Infrastructure", "{8A013956-9192-4502-A1D4-DFEACA18F988}"
EndProject
Project("{2150E333-8FDC-42A3-9474-1A3956D46DE8}") = "WebApi", "WebApi", "{6286A6A9-709B-40FC-BBE2-FF169A5E64C9}"
EndProject
Project("{2150E333-8FDC-42A3-9474-1A3956D46DE8}") = "BlazorWeb", "BlazorWeb", "{0CFC1339-6673-4A34-92DD-DF46AB473502}"
EndProject
Project("{9A19103F-16F7-4668-BE54-9A1E7A4F7556}") = "BlazorSozluk.Api.Domain", "src\Api\Core\BlazorSozluk.Api.Domain\BlazorSozluk.Api.Domain.csproj", "{4924E3CE-E78A-4CCC-8ACB-AA2EB39EF5CC}"
EndProject
Project("{9A19103F-16F7-4668-BE54-9A1E7A4F7556}") = "BlazorSozluk.Api.Application", "src\Api\Core\BlazorSozluk.Api.Application\BlazorSozluk.Api.Application.csproj", "{03318521-086E-4A44-8F53-F09C0A1F0E32}"
EndProject
Project("{9A19103F-16F7-4668-BE54-9A1E7A4F7556}") = "BlazorSozluk.Infrastructure.Persistence", "src\Api\Infrastructure\BlazorSozluk.Infrastructure.Persistence\BlazorSozluk.Infrastructure.Persistence.csproj", "{7831DE78-46BF-470B-969F-A5E3FB09409B}"
EndProject
Project("{9A19103F-16F7-4668-BE54-9A1E7A4F7556}") = "BlazorSozluk.Api.WebApi", "src\Api\WebApi\BlazorSozluk.Api.WebApi\BlazorSozluk.Api.WebApi.csproj", "{0965A615-BA87-4409-863D-C93E49265A42}"
EndProject
Project("{9A19103F-16F7-4668-BE54-9A1E7A4F7556}") = "BlazorSozluk.Common", "src\Common\BlazorSozluk.Common\BlazorSozluk.Common\BlazorSozluk.Common.csproj", "{09EC6F85-B6E6-4FEE-BD70-EC768F28E6CA}"
EndProject
Global
	GlobalSection(SolutionConfigurationPlatforms) = preSolution
		Debug|Any CPU = Debug|Any CPU
		Release|Any CPU = Release|Any CPU
	EndGlobalSection
	GlobalSection(ProjectConfigurationPlatforms) = postSolution
		{4924E3CE-E78A-4CCC-8ACB-AA2EB39EF5CC}.Debug|Any CPU.ActiveCfg = Debug|Any CPU
		{4924E3CE-E78A-4CCC-8ACB-AA2EB39EF5CC}.Debug|Any CPU.Build.0 = Debug|Any CPU
		{4924E3CE-E78A-4CCC-8ACB-AA2EB39EF5CC}.Release|Any CPU.ActiveCfg = Release|Any CPU
		{4924E3CE-E78A-4CCC-8ACB-AA2EB39EF5CC}.Release|Any CPU.Build.0 = Release|Any CPU
		{03318521-086E-4A44-8F53-F09C0A1F0E32}.Debug|Any CPU.ActiveCfg = Debug|Any CPU
		{03318521-086E-4A44-8F53-F09C0A1F0E32}.Debug|Any CPU.Build.0 = Debug|Any CPU
		{03318521-086E-4A44-8F53-F09C0A1F0E32}.Release|Any CPU.ActiveCfg = Release|Any CPU
		{03318521-086E-4A44-8F53-F09C0A1F0E32}.Release|Any CPU.Build.0 = Release|Any CPU
		{7831DE78-46BF-470B-969F-A5E3FB09409B}.Debug|Any CPU.ActiveCfg = Debug|Any CPU
		{7831DE78-46BF-470B-969F-A5E3FB09409B}.Debug|Any CPU.Build.0 = Debug|Any CPU
		{7831DE78-46BF-470B-969F-A5E3FB09409B}.Release|Any CPU.ActiveCfg = Release|Any CPU
		{7831DE78-46BF-470B-969F-A5E3FB09409B}.Release|Any CPU.Build.0 = Release|Any CPU
		{0965A615-BA87-4409-863D-C93E49265A42}.Debug|Any CPU.ActiveCfg = Debug|Any CPU
		{0965A615-BA87-4409-863D-C93E49265A42}.Debug|Any CPU.Build.0 = Debug|Any CPU
		{0965A615-BA87-4409-863D-C93E49265A42}.Release|Any CPU.ActiveCfg = Release|Any CPU
		{0965A615-BA87-4409-863D-C93E49265A42}.Release|Any CPU.Build.0 = Release|Any CPU
		{09EC6F85-B6E6-4FEE-BD70-EC768F28E6CA}.Debug|Any CPU.ActiveCfg = Debug|Any CPU
		{09EC6F85-B6E6-4FEE-BD70-EC768F28E6CA}.Debug|Any CPU.Build.0 = Debug|Any CPU
		{09EC6F85-B6E6-4FEE-BD70-EC768F28E6CA}.Release|Any CPU.ActiveCfg = Release|Any CPU
		{09EC6F85-B6E6-4FEE-BD70-EC768F28E6CA}.Release|Any CPU.Build.0 = Release|Any CPU
	EndGlobalSection
	GlobalSection(SolutionProperties) = preSolution
		HideSolutionNode = FALSE
	EndGlobalSection
	GlobalSection(NestedProjects) = preSolution
		{490E5743-B4EC-47F1-8D35-62ECE30723CB} = {70865468-3239-48B1-8884-CD08134103C5}
		{A394570C-6EEF-4C14-A830-A5649B63CD25} = {70865468-3239-48B1-8884-CD08134103C5}
		{F7000A0B-899B-400B-9410-85AACFB47F68} = {70865468-3239-48B1-8884-CD08134103C5}
		{14DB02BD-4084-4984-962B-077793C78D0D} = {70865468-3239-48B1-8884-CD08134103C5}
		{50A40CE8-C400-4C52-8D3C-6C9E586477F9} = {490E5743-B4EC-47F1-8D35-62ECE30723CB}
		{8A013956-9192-4502-A1D4-DFEACA18F988} = {490E5743-B4EC-47F1-8D35-62ECE30723CB}
		{6286A6A9-709B-40FC-BBE2-FF169A5E64C9} = {490E5743-B4EC-47F1-8D35-62ECE30723CB}
		{0CFC1339-6673-4A34-92DD-DF46AB473502} = {A394570C-6EEF-4C14-A830-A5649B63CD25}
		{4924E3CE-E78A-4CCC-8ACB-AA2EB39EF5CC} = {50A40CE8-C400-4C52-8D3C-6C9E586477F9}
		{03318521-086E-4A44-8F53-F09C0A1F0E32} = {50A40CE8-C400-4C52-8D3C-6C9E586477F9}
		{7831DE78-46BF-470B-969F-A5E3FB09409B} = {8A013956-9192-4502-A1D4-DFEACA18F988}
		{0965A615-BA87-4409-863D-C93E49265A42} = {6286A6A9-709B-40FC-BBE2-FF169A5E64C9}
		{09EC6F85-B6E6-4FEE-BD70-EC768F28E6CA} = {F7000A0B-899B-400B-9410-85AACFB47F68}
	EndGlobalSection
	GlobalSection(ExtensibilityGlobals) = postSolution
		SolutionGuid = {BA9A880C-4013-4A8E-8BF3-3DC9F4BBC8AB}
	EndGlobalSection
EndGlobal
